payload:
- DOMAIN-KEYWORD,porn
- DOMAIN-KEYWORD,js96110
- DOMAIN-KEYWORD,adservice
- DOMAIN-KEYWORD,analytics
- DOMAIN-KEYWORD,tracking
- DOMAIN-KEYWORD,googlead
- DOMAIN-KEYWORD,googlesyndication
- DOMAIN-KEYWORD,doubleclick
- DOMAIN-KEYWORD,facebook-ad
- DOMAIN-SUFFIX,googletagmanager.com
- DOMAIN-SUFFIX,admob.com
- DOMAIN-SUFFIX,ads.com
- DOMAIN-SUFFIX,ads.google.com
- DOMAIN-SUFFIX,adsbdfs.heytapimage.com
- DOMAIN-SUFFIX,adsfs.heytapimage.com
- DOMAIN-SUFFIX,img-c.heytapimage.com
- DOMAIN-SUFFIX,crashlytics.com
- DOMAIN-SUFFIX,flurry.com
- DOMAIN-SUFFIX,umeng.com
- DOMAIN-SUFFIX,sensorsdata.cn
- DOMAIN-SUFFIX,pangle.io
- DOMAIN-SUFFIX,kiwibrowser.org
